<?xml version="1.0" encoding="UTF-8"?>
<Scheme
   LastUpgradeVersion = "0700"
   version = "1.3">
   <BuildAction
      parallelizeBuildables = "YES"
      buildImplicitDependencies = "YES">
      <BuildActionEntries>
         <BuildActionEntry
            buildForTesting = "YES"
            buildForRunning = "YES"
            buildForProfiling = "YES"
            buildForArchiving = "YES"
            buildForAnalyzing = "YES">
            <BuildableReference
               BuildableIdentifier = "primary"
               BlueprintIdentifier = "DEE795CA1BB41D4B005128DF"
               BuildableName = "miniSlideShowWatchForMaterial.app"
               BlueprintName = "miniSlideShowWatchForMaterial"
               ReferencedContainer = "container:miniSlideShowForMaterial.xcodeproj">
            </BuildableReference>
         </BuildActionEntry>
         <BuildActionEntry
            buildForTesting = "YES"
            buildForRunning = "YES"
            buildForProfiling = "YES"
            buildForArchiving = "YES"
            buildForAnalyzing = "YES">
            <BuildableReference
               BuildableIdentifier = "primary"
               BlueprintIdentifier = "DEE795551BB40E53005128DF"
               BuildableName = "miniSlideShowForMaterial.app"
               BlueprintName = "miniSlideShowForMaterial"
               ReferencedContainer = "container:miniSlideShowForMaterial.xcodeproj">
            </BuildableReference>
         </BuildActionEntry>
         <BuildActionEntry
            buildForTesting = "YES"
            buildForRunning = "YES"
            buildForProfiling = "YES"
            buildForArchiving = "YES"
            buildForAnalyzing = "YES">
            <BuildableReference
               BuildableIdentifier = "primary"
               BlueprintIdentifier = "DEE795D61BB41D4B005128DF"
               BuildableName = "miniSlideShowWatchForMaterial Extension.appex"
               BlueprintName = "miniSlideShowWatchForMaterial Extension"
               ReferencedContainer = "container:miniSlideShowForMaterial.xcodeproj">
            </BuildableReference>
         </BuildActionEntry>
      </BuildActionEntries>
   </BuildAction>
   <TestAction
      buildConfiguration = "Debug"
      selectedDebuggerIdentifier = "Xcode.DebuggerFoundation.Debugger.LLDB"
      selectedLauncherIdentifier = "Xcode.DebuggerFoundation.Launcher.LLDB"
      shouldUseLaunchSchemeArgsEnv = "YES">
      <Testables>
      </Testables>
      <MacroExpansion>
         <BuildableReference
            BuildableIdentifier = "primary"
            BlueprintIdentifier = "DEE795CA1BB41D4B005128DF"
            BuildableName = "miniSlideShowWatchForMaterial.app"
            BlueprintName = "miniSlideShowWatchForMaterial"
            ReferencedContainer = "container:miniSlideShowForMaterial.xcodeproj">
         </BuildableReference>
      </MacroExpansion>
      <AdditionalOptions>
      </AdditionalOptions>
   </TestAction>
   <LaunchAction
      buildConfiguration = "Debug"
      selectedDebuggerIdentifier = "Xcode.DebuggerFoundation.Debugger.LLDB"
      selectedLauncherIdentifier = "Xcode.DebuggerFoundation.Launcher.LLDB"
      launchStyle = "0"
      useCustomWorkingDirectory = "NO"
      ignoresPersistentStateOnLaunch = "NO"
      debugDocumentVersioning = "YES"
      debugServiceExtension = "internal"
      allowLocationSimulation = "YES">
      <RemoteRunnable
         runnableDebuggingMode = "2"
         BundleIdentifier = "com.apple.carousel"
         RemotePath = "/miniSlideShowForMaterial">
         <BuildableReference
            BuildableIdentifier = "primary"
            BlueprintIdentifier = "DEE795CA1BB41D4B005128DF"
            BuildableName = "miniSlideShowWatchForMaterial.app"
            BlueprintName = "miniSlideShowWatchForMaterial"
            ReferencedContainer = "container:miniSlideShowForMaterial.xcodeproj">
         </BuildableReference>
      </RemoteRunnable>
      <MacroExpansion>
         <BuildableReference
            BuildableIdentifier = "primary"
            BlueprintIdentifier = "DEE795CA1BB41D4B005128DF"
            BuildableName = "miniSlideShowWatchForMaterial.app"
            BlueprintName = "miniSlideShowWatchForMaterial"
            ReferencedContainer = "container:miniSlideShowForMaterial.xcodeproj">
         </BuildableReference>
      </MacroExpansion>
      <AdditionalOptions>
      </AdditionalOptions>
   </LaunchAction>
   <ProfileAction
      buildConfiguration = "Release"
      shouldUseLaunchSchemeArgsEnv = "YES"
      savedToolIdentifier = ""
      useCustomWorkingDirectory = "NO"
      debugDocumentVersioning = "YES">
      <RemoteRunnable
         runnableDebuggingMode = "2"
         BundleIdentifier = "com.apple.carousel"
         RemotePath = "/miniSlideShowForMaterial">
         <BuildableReference
            BuildableIdentifier = "primary"
            BlueprintIdentifier = "DEE795CA1BB41D4B005128DF"
            BuildableName = "miniSlideShowWatchForMaterial.app"
            BlueprintName = "miniSlideShowWatchForMaterial"
            ReferencedContainer = "container:miniSlideShowForMaterial.xcodeproj">
         </BuildableReference>
      </RemoteRunnable>
      <MacroExpansion>
         <BuildableReference
            BuildableIdentifier = "primary"
            BlueprintIdentifier = "DEE795CA1BB41D4B005128DF"
            BuildableName = "miniSlideShowWatchForMaterial.app"
            BlueprintName = "miniSlideShowWatchForMaterial"
            ReferencedContainer = "container:miniSlideShowForMaterial.xcodeproj">
         </BuildableReference>
      </MacroExpansion>
   </ProfileAction>
   <AnalyzeAction
      buildConfiguration = "Debug">
   </AnalyzeAction>
   <ArchiveAction
      buildConfiguration = "Release"
      revealArchiveInOrganizer = "YES">
   </ArchiveAction>
</Scheme>
